<Solution>
  <Folder Name="/Core/">
    <Project Path="Application/Application.csproj" />
    <Project Path="Domain/Domain.csproj" />
  </Folder>
  <Folder Name="/Persistence/">
    <Project Path="HotelReservationSystem.API/HotelReservationSystem.API.csproj" />
    <Project Path="Infrastructure/Infrastructure.csproj" />
  </Folder>
</Solution>
